
Microsoft Visual Studio Solution File, Format Version 12.00
# Visual Studio Version 17
VisualStudioVersion = 17.0.31903.59
MinimumVisualStudioVersion = 10.0.40219.1
Project("{FAE04EC0-301F-11D3-BF4B-00C04F79EFBC}") = "API", "API\API.csproj", "{E761B493-8C43-40A8-96CD-A734BBDD49AF}"
EndProject
Project("{FAE04EC0-301F-11D3-BF4B-00C04F79EFBC}") = "Application", "Application\Application.csproj", "{83D59B0E-A406-4D9B-8F92-B68361E50EA7}"
EndProject
Project("{FAE04EC0-301F-11D3-BF4B-00C04F79EFBC}") = "Domain", "Domain\Domain.csproj", "{FD007504-CBCD-4E92-BB51-A0349F18E2DF}"
EndProject
Project("{FAE04EC0-301F-11D3-BF4B-00C04F79EFBC}") = "Persistence", "Persistence\Persistence.csproj", "{8A3A169D-1C8C-4086-9AD4-9A6730B8523C}"
EndProject
Global
	GlobalSection(SolutionConfigurationPlatforms) = preSolution
		Debug|Any CPU = Debug|Any CPU
		Debug|x64 = Debug|x64
		Debug|x86 = Debug|x86
		Release|Any CPU = Release|Any CPU
		Release|x64 = Release|x64
		Release|x86 = Release|x86
	EndGlobalSection
	GlobalSection(ProjectConfigurationPlatforms) = postSolution
		{E761B493-8C43-40A8-96CD-A734BBDD49AF}.Debug|Any CPU.ActiveCfg = Debug|Any CPU
		{E761B493-8C43-40A8-96CD-A734BBDD49AF}.Debug|Any CPU.Build.0 = Debug|Any CPU
		{E761B493-8C43-40A8-96CD-A734BBDD49AF}.Debug|x64.ActiveCfg = Debug|Any CPU
		{E761B493-8C43-40A8-96CD-A734BBDD49AF}.Debug|x64.Build.0 = Debug|Any CPU
		{E761B493-8C43-40A8-96CD-A734BBDD49AF}.Debug|x86.ActiveCfg = Debug|Any CPU
		{E761B493-8C43-40A8-96CD-A734BBDD49AF}.Debug|x86.Build.0 = Debug|Any CPU
		{E761B493-8C43-40A8-96CD-A734BBDD49AF}.Release|Any CPU.ActiveCfg = Release|Any CPU
		{E761B493-8C43-40A8-96CD-A734BBDD49AF}.Release|Any CPU.Build.0 = Release|Any CPU
		{E761B493-8C43-40A8-96CD-A734BBDD49AF}.Release|x64.ActiveCfg = Release|Any CPU
		{E761B493-8C43-40A8-96CD-A734BBDD49AF}.Release|x64.Build.0 = Release|Any CPU
		{E761B493-8C43-40A8-96CD-A734BBDD49AF}.Release|x86.ActiveCfg = Release|Any CPU
		{E761B493-8C43-40A8-96CD-A734BBDD49AF}.Release|x86.Build.0 = Release|Any CPU
		{83D59B0E-A406-4D9B-8F92-B68361E50EA7}.Debug|Any CPU.ActiveCfg = Debug|Any CPU
		{83D59B0E-A406-4D9B-8F92-B68361E50EA7}.Debug|Any CPU.Build.0 = Debug|Any CPU
		{83D59B0E-A406-4D9B-8F92-B68361E50EA7}.Debug|x64.ActiveCfg = Debug|Any CPU
		{83D59B0E-A406-4D9B-8F92-B68361E50EA7}.Debug|x64.Build.0 = Debug|Any CPU
		{83D59B0E-A406-4D9B-8F92-B68361E50EA7}.Debug|x86.ActiveCfg = Debug|Any CPU
		{83D59B0E-A406-4D9B-8F92-B68361E50EA7}.Debug|x86.Build.0 = Debug|Any CPU
		{83D59B0E-A406-4D9B-8F92-B68361E50EA7}.Release|Any CPU.ActiveCfg = Release|Any CPU
		{83D59B0E-A406-4D9B-8F92-B68361E50EA7}.Release|Any CPU.Build.0 = Release|Any CPU
		{83D59B0E-A406-4D9B-8F92-B68361E50EA7}.Release|x64.ActiveCfg = Release|Any CPU
		{83D59B0E-A406-4D9B-8F92-B68361E50EA7}.Release|x64.Build.0 = Release|Any CPU
		{83D59B0E-A406-4D9B-8F92-B68361E50EA7}.Release|x86.ActiveCfg = Release|Any CPU
		{83D59B0E-A406-4D9B-8F92-B68361E50EA7}.Release|x86.Build.0 = Release|Any CPU
		{FD007504-CBCD-4E92-BB51-A0349F18E2DF}.Debug|Any CPU.ActiveCfg = Debug|Any CPU
		{FD007504-CBCD-4E92-BB51-A0349F18E2DF}.Debug|Any CPU.Build.0 = Debug|Any CPU
		{FD007504-CBCD-4E92-BB51-A0349F18E2DF}.Debug|x64.ActiveCfg = Debug|Any CPU
		{FD007504-CBCD-4E92-BB51-A0349F18E2DF}.Debug|x64.Build.0 = Debug|Any CPU
		{FD007504-CBCD-4E92-BB51-A0349F18E2DF}.Debug|x86.ActiveCfg = Debug|Any CPU
		{FD007504-CBCD-4E92-BB51-A0349F18E2DF}.Debug|x86.Build.0 = Debug|Any CPU
		{FD007504-CBCD-4E92-BB51-A0349F18E2DF}.Release|Any CPU.ActiveCfg = Release|Any CPU
		{FD007504-CBCD-4E92-BB51-A0349F18E2DF}.Release|Any CPU.Build.0 = Release|Any CPU
		{FD007504-CBCD-4E92-BB51-A0349F18E2DF}.Release|x64.ActiveCfg = Release|Any CPU
		{FD007504-CBCD-4E92-BB51-A0349F18E2DF}.Release|x64.Build.0 = Release|Any CPU
		{FD007504-CBCD-4E92-BB51-A0349F18E2DF}.Release|x86.ActiveCfg = Release|Any CPU
		{FD007504-CBCD-4E92-BB51-A0349F18E2DF}.Release|x86.Build.0 = Release|Any CPU
		{8A3A169D-1C8C-4086-9AD4-9A6730B8523C}.Debug|Any CPU.ActiveCfg = Debug|Any CPU
		{8A3A169D-1C8C-4086-9AD4-9A6730B8523C}.Debug|Any CPU.Build.0 = Debug|Any CPU
		{8A3A169D-1C8C-4086-9AD4-9A6730B8523C}.Debug|x64.ActiveCfg = Debug|Any CPU
		{8A3A169D-1C8C-4086-9AD4-9A6730B8523C}.Debug|x64.Build.0 = Debug|Any CPU
		{8A3A169D-1C8C-4086-9AD4-9A6730B8523C}.Debug|x86.ActiveCfg = Debug|Any CPU
		{8A3A169D-1C8C-4086-9AD4-9A6730B8523C}.Debug|x86.Build.0 = Debug|Any CPU
		{8A3A169D-1C8C-4086-9AD4-9A6730B8523C}.Release|Any CPU.ActiveCfg = Release|Any CPU
		{8A3A169D-1C8C-4086-9AD4-9A6730B8523C}.Release|Any CPU.Build.0 = Release|Any CPU
		{8A3A169D-1C8C-4086-9AD4-9A6730B8523C}.Release|x64.ActiveCfg = Release|Any CPU
		{8A3A169D-1C8C-4086-9AD4-9A6730B8523C}.Release|x64.Build.0 = Release|Any CPU
		{8A3A169D-1C8C-4086-9AD4-9A6730B8523C}.Release|x86.ActiveCfg = Release|Any CPU
		{8A3A169D-1C8C-4086-9AD4-9A6730B8523C}.Release|x86.Build.0 = Release|Any CPU
	EndGlobalSection
	GlobalSection(SolutionProperties) = preSolution
		HideSolutionNode = FALSE
	EndGlobalSection
EndGlobal
